// !$*UTF8*$!
{
	archiveVersion = 1;
	classes = {
	};
	objectVersion = 56;
	objects = {

/* Begin PBXBuildFile section */
		5368476B28D54AA2001FDE74 /* HomePageView.swift in Sources */ = {isa = PBXBuildFile; fileRef = 5368476A28D54AA2001FDE74 /* HomePageView.swift */; };
		538F0AEA28D5D55E0029D19B /* LeaderPageView.swift in Sources */ = {isa = PBXBuildFile; fileRef = 538F0AE928D5D55E0029D19B /* LeaderPageView.swift */; };
		538F0AEC28D5D8110029D19B /* CardContentView.swift in Sources */ = {isa = PBXBuildFile; fileRef = 538F0AEB28D5D8110029D19B /* CardContentView.swift */; };
		538F0AEE28D5D8420029D19B /* CardView.swift in Sources */ = {isa = PBXBuildFile; fileRef = 538F0AED28D5D8420029D19B /* CardView.swift */; };
		538F0AF028D5EFF00029D19B /* CardManagerVM.swift in Sources */ = {isa = PBXBuildFile; fileRef = 538F0AEF28D5EFF00029D19B /* CardManagerVM.swift */; };
		538F0AF228D5F0300029D19B /* CardModel.swift in Sources */ = {isa = PBXBuildFile; fileRef = 538F0AF128D5F0300029D19B /* CardModel.swift */; };
		53E0E51B28D05EB600EF06FF /* hackzurichApp.swift in Sources */ = {isa = PBXBuildFile; fileRef = 53E0E51A28D05EB600EF06FF /* hackzurichApp.swift */; };
		53E0E51D28D05EB600EF06FF /* ContentView.swift in Sources */ = {isa = PBXBuildFile; fileRef = 53E0E51C28D05EB600EF06FF /* ContentView.swift */; };
		53E0E51F28D05EB800EF06FF /* Assets.xcassets in Resources */ = {isa = PBXBuildFile; fileRef = 53E0E51E28D05EB800EF06FF /* Assets.xcassets */; };
		53E0E52228D05EB800EF06FF /* Preview Assets.xcassets in Resources */ = {isa = PBXBuildFile; fileRef = 53E0E52128D05EB800EF06FF /* Preview Assets.xcassets */; };
		631A79D028D54286008D2EA7 /* GameManagerVM.swift in Sources */ = {isa = PBXBuildFile; fileRef = 631A79CF28D54286008D2EA7 /* GameManagerVM.swift */; };
		631A79D228D54303008D2EA7 /* QuizModel.swift in Sources */ = {isa = PBXBuildFile; fileRef = 631A79D128D54303008D2EA7 /* QuizModel.swift */; };
		631A79D428D54307008D2EA7 /* OptionsGridView.swift in Sources */ = {isa = PBXBuildFile; fileRef = 631A79D328D54306008D2EA7 /* OptionsGridView.swift */; };
		631A79D628D5430A008D2EA7 /* QuizCompletedView.swift in Sources */ = {isa = PBXBuildFile; fileRef = 631A79D528D5430A008D2EA7 /* QuizCompletedView.swift */; };
		631A79D828D5430C008D2EA7 /* ReusableText.swift in Sources */ = {isa = PBXBuildFile; fileRef = 631A79D728D5430C008D2EA7 /* ReusableText.swift */; };
		631A79DA28D545E7008D2EA7 /* MultiPageView.swift in Sources */ = {isa = PBXBuildFile; fileRef = 631A79D928D545E7008D2EA7 /* MultiPageView.swift */; };
		631A79DC28D5B156008D2EA7 /* GuessView.swift in Sources */ = {isa = PBXBuildFile; fileRef = 631A79DB28D5B156008D2EA7 /* GuessView.swift */; };
		631A79DE28D5B46D008D2EA7 /* GuessSlider.swift in Sources */ = {isa = PBXBuildFile; fileRef = 631A79DD28D5B46D008D2EA7 /* GuessSlider.swift */; };
/* End PBXBuildFile section */

/* Begin PBXFileReference section */
		5368476A28D54AA2001FDE74 /* HomePageView.swift */ = {isa = PBXFileReference; lastKnownFileType = sourcecode.swift; path = HomePageView.swift; sourceTree = "<group>"; };
		538F0AE928D5D55E0029D19B /* LeaderPageView.swift */ = {isa = PBXFileReference; lastKnownFileType = sourcecode.swift; path = LeaderPageView.swift; sourceTree = "<group>"; };
		538F0AEB28D5D8110029D19B /* CardContentView.swift */ = {isa = PBXFileReference; lastKnownFileType = sourcecode.swift; path = CardContentView.swift; sourceTree = "<group>"; };
		538F0AED28D5D8420029D19B /* CardView.swift */ = {isa = PBXFileReference; lastKnownFileType = sourcecode.swift; path = CardView.swift; sourceTree = "<group>"; };
		538F0AEF28D5EFF00029D19B /* CardManagerVM.swift */ = {isa = PBXFileReference; lastKnownFileType = sourcecode.swift; path = CardManagerVM.swift; sourceTree = "<group>"; };
		538F0AF128D5F0300029D19B /* CardModel.swift */ = {isa = PBXFileReference; lastKnownFileType = sourcecode.swift; path = CardModel.swift; sourceTree = "<group>"; };
		53E0E51728D05EB600EF06FF /* hackzurich.app */ = {isa = PBXFileReference; explicitFileType = wrapper.application; includeInIndex = 0; path = hackzurich.app; sourceTree = BUILT_PRODUCTS_DIR; };
		53E0E51A28D05EB600EF06FF /* hackzurichApp.swift */ = {isa = PBXFileReference; lastKnownFileType = sourcecode.swift; path = hackzurichApp.swift; sourceTree = "<group>"; };
		53E0E51C28D05EB600EF06FF /* ContentView.swift */ = {isa = PBXFileReference; lastKnownFileType = sourcecode.swift; path = ContentView.swift; sourceTree = "<group>"; };
		53E0E51E28D05EB800EF06FF /* Assets.xcassets */ = {isa = PBXFileReference; lastKnownFileType = folder.assetcatalog; path = Assets.xcassets; sourceTree = "<group>"; };
		53E0E52128D05EB800EF06FF /* Preview Assets.xcassets */ = {isa = PBXFileReference; lastKnownFileType = folder.assetcatalog; path = "Preview Assets.xcassets"; sourceTree = "<group>"; };
		631A79CF28D54286008D2EA7 /* GameManagerVM.swift */ = {isa = PBXFileReference; lastKnownFileType = sourcecode.swift; path = GameManagerVM.swift; sourceTree = "<group>"; };
		631A79D128D54303008D2EA7 /* QuizModel.swift */ = {isa = PBXFileReference; lastKnownFileType = sourcecode.swift; path = QuizModel.swift; sourceTree = "<group>"; };
		631A79D328D54306008D2EA7 /* OptionsGridView.swift */ = {isa = PBXFileReference; lastKnownFileType = sourcecode.swift; path = OptionsGridView.swift; sourceTree = "<group>"; };
		631A79D528D5430A008D2EA7 /* QuizCompletedView.swift */ = {isa = PBXFileReference; lastKnownFileType = sourcecode.swift; path = QuizCompletedView.swift; sourceTree = "<group>"; };
		631A79D728D5430C008D2EA7 /* ReusableText.swift */ = {isa = PBXFileReference; lastKnownFileType = sourcecode.swift; path = ReusableText.swift; sourceTree = "<group>"; };
		631A79D928D545E7008D2EA7 /* MultiPageView.swift */ = {isa = PBXFileReference; lastKnownFileType = sourcecode.swift; path = MultiPageView.swift; sourceTree = "<group>"; };
		631A79DB28D5B156008D2EA7 /* GuessView.swift */ = {isa = PBXFileReference; lastKnownFileType = sourcecode.swift; path = GuessView.swift; sourceTree = "<group>"; };
		631A79DD28D5B46D008D2EA7 /* GuessSlider.swift */ = {isa = PBXFileReference; lastKnownFileType = sourcecode.swift; path = GuessSlider.swift; sourceTree = "<group>"; };
		631A79E128D5CFE8008D2EA7 /* hackzurich.entitlements */ = {isa = PBXFileReference; lastKnownFileType = text.plist.entitlements; path = hackzurich.entitlements; sourceTree = "<group>"; };
/* End PBXFileReference section */

/* Begin PBXFrameworksBuildPhase section */
		53E0E51428D05EB600EF06FF /* Frameworks */ = {
			isa = PBXFrameworksBuildPhase;
			buildActionMask = 2147483647;
			files = (
			);
			runOnlyForDeploymentPostprocessing = 0;
		};
/* End PBXFrameworksBuildPhase section */

/* Begin PBXGroup section */
		53E0E50E28D05EB600EF06FF = {
			isa = PBXGroup;
			children = (
				53E0E51928D05EB600EF06FF /* hackzurich */,
				53E0E51828D05EB600EF06FF /* Products */,
			);
			sourceTree = "<group>";
		};
		53E0E51828D05EB600EF06FF /* Products */ = {
			isa = PBXGroup;
			children = (
				53E0E51728D05EB600EF06FF /* hackzurich.app */,
			);
			name = Products;
			sourceTree = "<group>";
		};
		53E0E51928D05EB600EF06FF /* hackzurich */ = {
			isa = PBXGroup;
			children = (
				538F0AE928D5D55E0029D19B /* LeaderPageView.swift */,
				631A79E128D5CFE8008D2EA7 /* hackzurich.entitlements */,
				631A79D128D54303008D2EA7 /* QuizModel.swift */,
				631A79D328D54306008D2EA7 /* OptionsGridView.swift */,
				631A79CF28D54286008D2EA7 /* GameManagerVM.swift */,
				631A79D528D5430A008D2EA7 /* QuizCompletedView.swift */,
				631A79D728D5430C008D2EA7 /* ReusableText.swift */,
				53E0E51A28D05EB600EF06FF /* hackzurichApp.swift */,
				53E0E51C28D05EB600EF06FF /* ContentView.swift */,
				53E0E51E28D05EB800EF06FF /* Assets.xcassets */,
				53E0E52028D05EB800EF06FF /* Preview Content */,
				631A79D928D545E7008D2EA7 /* MultiPageView.swift */,
				5368476A28D54AA2001FDE74 /* HomePageView.swift */,
				631A79DB28D5B156008D2EA7 /* GuessView.swift */,
				631A79DD28D5B46D008D2EA7 /* GuessSlider.swift */,
				538F0AEB28D5D8110029D19B /* CardContentView.swift */,
				538F0AED28D5D8420029D19B /* CardView.swift */,
				538F0AEF28D5EFF00029D19B /* CardManagerVM.swift */,
				538F0AF128D5F0300029D19B /* CardModel.swift */,
			);
			path = hackzurich;
			sourceTree = "<group>";
		};
		53E0E52028D05EB800EF06FF /* Preview Content */ = {
			isa = PBXGroup;
			children = (
				53E0E52128D05EB800EF06FF /* Preview Assets.xcassets */,
			);
			path = "Preview Content";
			sourceTree = "<group>";
		};
/* End PBXGroup section */

/* Begin PBXNativeTarget section */
		53E0E51628D05EB600EF06FF /* hackzurich */ = {
			isa = PBXNativeTarget;
			buildConfigurationList = 53E0E52528D05EB800EF06FF /* Build configuration list for PBXNativeTarget "hackzurich" */;
			buildPhases = (
				53E0E51328D05EB600EF06FF /* Sources */,
				53E0E51428D05EB600EF06FF /* Frameworks */,
				53E0E51528D05EB600EF06FF /* Resources */,
			);
			buildRules = (
			);
			dependencies = (
			);
			name = hackzurich;
			productName = hackzurich;
			productReference = 53E0E51728D05EB600EF06FF /* hackzurich.app */;
			productType = "com.apple.product-type.application";
		};
/* End PBXNativeTarget section */

/* Begin PBXProject section */
		53E0E50F28D05EB600EF06FF /* Project object */ = {
			isa = PBXProject;
			attributes = {
				BuildIndependentTargetsInParallel = 1;
				LastSwiftUpdateCheck = 1400;
				LastUpgradeCheck = 1400;
				TargetAttributes = {
					53E0E51628D05EB600EF06FF = {
						CreatedOnToolsVersion = 14.0;
					};
				};
			};
			buildConfigurationList = 53E0E51228D05EB600EF06FF /* Build configuration list for PBXProject "hackzurich" */;
			compatibilityVersion = "Xcode 14.0";
			developmentRegion = en;
			hasScannedForEncodings = 0;
			knownRegions = (
				en,
				Base,
			);
			mainGroup = 53E0E50E28D05EB600EF06FF;
			productRefGroup = 53E0E51828D05EB600EF06FF /* Products */;
			projectDirPath = "";
			projectRoot = "";
			targets = (
				53E0E51628D05EB600EF06FF /* hackzurich */,
			);
		};
/* End PBXProject section */

/* Begin PBXResourcesBuildPhase section */
		53E0E51528D05EB600EF06FF /* Resources */ = {
			isa = PBXResourcesBuildPhase;
			buildActionMask = 2147483647;
			files = (
				53E0E52228D05EB800EF06FF /* Preview Assets.xcassets in Resources */,
				53E0E51F28D05EB800EF06FF /* Assets.xcassets in Resources */,
			);
			runOnlyForDeploymentPostprocessing = 0;
		};
/* End PBXResourcesBuildPhase section */

/* Begin PBXSourcesBuildPhase section */
		53E0E51328D05EB600EF06FF /* Sources */ = {
			isa = PBXSourcesBuildPhase;
			buildActionMask = 2147483647;
			files = (
				631A79D228D54303008D2EA7 /* QuizModel.swift in Sources */,
				631A79D028D54286008D2EA7 /* GameManagerVM.swift in Sources */,
				538F0AEA28D5D55E0029D19B /* LeaderPageView.swift in Sources */,
				631A79DE28D5B46D008D2EA7 /* GuessSlider.swift in Sources */,
				538F0AEE28D5D8420029D19B /* CardView.swift in Sources */,
				538F0AF228D5F0300029D19B /* CardModel.swift in Sources */,
				631A79D828D5430C008D2EA7 /* ReusableText.swift in Sources */,
				53E0E51D28D05EB600EF06FF /* ContentView.swift in Sources */,
				631A79D428D54307008D2EA7 /* OptionsGridView.swift in Sources */,
				538F0AF028D5EFF00029D19B /* CardManagerVM.swift in Sources */,
				53E0E51B28D05EB600EF06FF /* hackzurichApp.swift in Sources */,
				631A79DC28D5B156008D2EA7 /* GuessView.swift in Sources */,
				538F0AEC28D5D8110029D19B /* CardContentView.swift in Sources */,
				631A79D628D5430A008D2EA7 /* QuizCompletedView.swift in Sources */,
				5368476B28D54AA2001FDE74 /* HomePageView.swift in Sources */,
				631A79DA28D545E7008D2EA7 /* MultiPageView.swift in Sources */,
			);
			runOnlyForDeploymentPostprocessing = 0;
		};
/* End PBXSourcesBuildPhase section */

/* Begin XCBuildConfiguration section */
		53E0E52328D05EB800EF06FF /* Debug */ = {
			isa = XCBuildConfiguration;
			buildSettings = {
				ALWAYS_SEARCH_USER_PATHS = NO;
				CLANG_ANALYZER_NONNULL = YES;
				CLANG_ANALYZER_NUMBER_OBJECT_CONVERSION = YES_AGGRESSIVE;
				CLANG_CXX_LANGUAGE_STANDARD = "gnu++20";
				CLANG_ENABLE_MODULES = YES;
				CLANG_ENABLE_OBJC_ARC = YES;
				CLANG_ENABLE_OBJC_WEAK = YES;
				CLANG_WARN_BLOCK_CAPTURE_AUTORELEASING = YES;
				CLANG_WARN_BOOL_CONVERSION = YES;
				CLANG_WARN_COMMA = YES;
				CLANG_WARN_CONSTANT_CONVERSION = YES;
				CLANG_WARN_DEPRECATED_OBJC_IMPLEMENTATIONS = YES;
				CLANG_WARN_DIRECT_OBJC_ISA_USAGE = YES_ERROR;
				CLANG_WARN_DOCUMENTATION_COMMENTS = YES;
				CLANG_WARN_EMPTY_BODY = YES;
				CLANG_WARN_ENUM_CONVERSION = YES;
				CLANG_WARN_INFINITE_RECURSION = YES;
				CLANG_WARN_INT_CONVERSION = YES;
				CLANG_WARN_NON_LITERAL_NULL_CONVERSION = YES;
				CLANG_WARN_OBJC_IMPLICIT_RETAIN_SELF = YES;
				CLANG_WARN_OBJC_LITERAL_CONVERSION = YES;
				CLANG_WARN_OBJC_ROOT_CLASS = YES_ERROR;
				CLANG_WARN_QUOTED_INCLUDE_IN_FRAMEWORK_HEADER = YES;
				CLANG_WARN_RANGE_LOOP_ANALYSIS = YES;
				CLANG_WARN_STRICT_PROTOTYPES = YES;
				CLANG_WARN_SUSPICIOUS_MOVE = YES;
				CLANG_WARN_UNGUARDED_AVAILABILITY = YES_AGGRESSIVE;
				CLANG_WARN_UNREACHABLE_CODE = YES;
				CLANG_WARN__DUPLICATE_METHOD_MATCH = YES;
				COPY_PHASE_STRIP = NO;
				DEBUG_INFORMATION_FORMAT = dwarf;
				ENABLE_STRICT_OBJC_MSGSEND = YES;
				ENABLE_TESTABILITY = YES;
				GCC_C_LANGUAGE_STANDARD = gnu11;
				GCC_DYNAMIC_NO_PIC = NO;
				GCC_NO_COMMON_BLOCKS = YES;
				GCC_OPTIMIZATION_LEVEL = 0;
				GCC_PREPROCESSOR_DEFINITIONS = (
					"DEBUG=1",
					"$(inherited)",
				);
				GCC_WARN_64_TO_32_BIT_CONVERSION = YES;
				GCC_WARN_ABOUT_RETURN_TYPE = YES_ERROR;
				GCC_WARN_UNDECLARED_SELECTOR = YES;
				GCC_WARN_UNINITIALIZED_AUTOS = YES_AGGRESSIVE;
				GCC_WARN_UNUSED_FUNCTION = YES;
				GCC_WARN_UNUSED_VARIABLE = YES;
				IPHONEOS_DEPLOYMENT_TARGET = 16.0;
				MTL_ENABLE_DEBUG_INFO = INCLUDE_SOURCE;
				MTL_FAST_MATH = YES;
				ONLY_ACTIVE_ARCH = YES;
				SDKROOT = iphoneos;
				SWIFT_ACTIVE_COMPILATION_CONDITIONS = DEBUG;
				SWIFT_OPTIMIZATION_LEVEL = "-Onone";
			};
			name = Debug;
		};
		53E0E52428D05EB800EF06FF /* Release */ = {
			isa = XCBuildConfiguration;
			buildSettings = {
				ALWAYS_SEARCH_USER_PATHS = NO;
				CLANG_ANALYZER_NONNULL = YES;
				CLANG_ANALYZER_NUMBER_OBJECT_CONVERSION = YES_AGGRESSIVE;
				CLANG_CXX_LANGUAGE_STANDARD = "gnu++20";
				CLANG_ENABLE_MODULES = YES;
				CLANG_ENABLE_OBJC_ARC = YES;
				CLANG_ENABLE_OBJC_WEAK = YES;
				CLANG_WARN_BLOCK_CAPTURE_AUTORELEASING = YES;
				CLANG_WARN_BOOL_CONVERSION = YES;
				CLANG_WARN_COMMA = YES;
				CLANG_WARN_CONSTANT_CONVERSION = YES;
				CLANG_WARN_DEPRECATED_OBJC_IMPLEMENTATIONS = YES;
				CLANG_WARN_DIRECT_OBJC_ISA_USAGE = YES_ERROR;
				CLANG_WARN_DOCUMENTATION_COMMENTS = YES;
				CLANG_WARN_EMPTY_BODY = YES;
				CLANG_WARN_ENUM_CONVERSION = YES;
				CLANG_WARN_INFINITE_RECURSION = YES;
				CLANG_WARN_INT_CONVERSION = YES;
				CLANG_WARN_NON_LITERAL_NULL_CONVERSION = YES;
				CLANG_WARN_OBJC_IMPLICIT_RETAIN_SELF = YES;
				CLANG_WARN_OBJC_LITERAL_CONVERSION = YES;
				CLANG_WARN_OBJC_ROOT_CLASS = YES_ERROR;
				CLANG_WARN_QUOTED_INCLUDE_IN_FRAMEWORK_HEADER = YES;
				CLANG_WARN_RANGE_LOOP_ANALYSIS = YES;
				CLANG_WARN_STRICT_PROTOTYPES = YES;
				CLANG_WARN_SUSPICIOUS_MOVE = YES;
				CLANG_WARN_UNGUARDED_AVAILABILITY = YES_AGGRESSIVE;
				CLANG_WARN_UNREACHABLE_CODE = YES;
				CLANG_WARN__DUPLICATE_METHOD_MATCH = YES;
				COPY_PHASE_STRIP = NO;
				DEBUG_INFORMATION_FORMAT = "dwarf-with-dsym";
				ENABLE_NS_ASSERTIONS = NO;
				ENABLE_STRICT_OBJC_MSGSEND = YES;
				GCC_C_LANGUAGE_STANDARD = gnu11;
				GCC_NO_COMMON_BLOCKS = YES;
				GCC_WARN_64_TO_32_BIT_CONVERSION = YES;
				GCC_WARN_ABOUT_RETURN_TYPE = YES_ERROR;
				GCC_WARN_UNDECLARED_SELECTOR = YES;
				GCC_WARN_UNINITIALIZED_AUTOS = YES_AGGRESSIVE;
				GCC_WARN_UNUSED_FUNCTION = YES;
				GCC_WARN_UNUSED_VARIABLE = YES;
				IPHONEOS_DEPLOYMENT_TARGET = 16.0;
				MTL_ENABLE_DEBUG_INFO = NO;
				MTL_FAST_MATH = YES;
				SDKROOT = iphoneos;
				SWIFT_COMPILATION_MODE = wholemodule;
				SWIFT_OPTIMIZATION_LEVEL = "-O";
				VALIDATE_PRODUCT = YES;
			};
			name = Release;
		};
		53E0E52628D05EB800EF06FF /* Debug */ = {
			isa = XCBuildConfiguration;
			buildSettings = {
				ASSETCATALOG_COMPILER_APPICON_NAME = AppIcon;
				ASSETCATALOG_COMPILER_GLOBAL_ACCENT_COLOR_NAME = AccentColor;
				CODE_SIGN_ENTITLEMENTS = hackzurich/hackzurich.entitlements;
				CODE_SIGN_STYLE = Automatic;
				CURRENT_PROJECT_VERSION = 1;
				DEVELOPMENT_ASSET_PATHS = "\"hackzurich/Preview Content\"";
				ENABLE_PREVIEWS = YES;
				GENERATE_INFOPLIST_FILE = YES;
				INFOPLIST_KEY_UIApplicationSceneManifest_Generation = YES;
				INFOPLIST_KEY_UIApplicationSupportsIndirectInputEvents = YES;
				INFOPLIST_KEY_UILaunchScreen_Generation = YES;
				INFOPLIST_KEY_UISupportedInterfaceOrientations_iPad = "UIInterfaceOrientationPortrait UIInterfaceOrientationPortraitUpsideDown UIInterfaceOrientationLandscapeLeft UIInterfaceOrientationLandscapeRight";
				INFOPLIST_KEY_UISupportedInterfaceOrientations_iPhone = "UIInterfaceOrientationPortrait UIInterfaceOrientationLandscapeLeft UIInterfaceOrientationLandscapeRight";
				LD_RUNPATH_SEARCH_PATHS = (
					"$(inherited)",
					"@executable_path/Frameworks",
				);
				MARKETING_VERSION = 1.0;
				PRODUCT_BUNDLE_IDENTIFIER = our.amazing.team.hackzurich;
				PRODUCT_NAME = "$(TARGET_NAME)";
				SWIFT_EMIT_LOC_STRINGS = YES;
				SWIFT_VERSION = 5.0;
				TARGETED_DEVICE_FAMILY = "1,2";
			};
			name = Debug;
		};
		53E0E52728D05EB800EF06FF /* Release */ = {
			isa = XCBuildConfiguration;
			buildSettings = {
				ASSETCATALOG_COMPILER_APPICON_NAME = AppIcon;
				ASSETCATALOG_COMPILER_GLOBAL_ACCENT_COLOR_NAME = AccentColor;
				CODE_SIGN_ENTITLEMENTS = hackzurich/hackzurich.entitlements;
				CODE_SIGN_STYLE = Automatic;
				CURRENT_PROJECT_VERSION = 1;
				DEVELOPMENT_ASSET_PATHS = "\"hackzurich/Preview Content\"";
				ENABLE_PREVIEWS = YES;
				GENERATE_INFOPLIST_FILE = YES;
				INFOPLIST_KEY_UIApplicationSceneManifest_Generation = YES;
				INFOPLIST_KEY_UIApplicationSupportsIndirectInputEvents = YES;
				INFOPLIST_KEY_UILaunchScreen_Generation = YES;
				INFOPLIST_KEY_UISupportedInterfaceOrientations_iPad = "UIInterfaceOrientationPortrait UIInterfaceOrientationPortraitUpsideDown UIInterfaceOrientationLandscapeLeft UIInterfaceOrientationLandscapeRight";
				INFOPLIST_KEY_UISupportedInterfaceOrientations_iPhone = "UIInterfaceOrientationPortrait UIInterfaceOrientationLandscapeLeft UIInterfaceOrientationLandscapeRight";
				LD_RUNPATH_SEARCH_PATHS = (
					"$(inherited)",
					"@executable_path/Frameworks",
				);
				MARKETING_VERSION = 1.0;
				PRODUCT_BUNDLE_IDENTIFIER = our.amazing.team.hackzurich;
				PRODUCT_NAME = "$(TARGET_NAME)";
				SWIFT_EMIT_LOC_STRINGS = YES;
				SWIFT_VERSION = 5.0;
				TARGETED_DEVICE_FAMILY = "1,2";
			};
			name = Release;
		};
/* End XCBuildConfiguration section */

/* Begin XCConfigurationList section */
		53E0E51228D05EB600EF06FF /* Build configuration list for PBXProject "hackzurich" */ = {
			isa = XCConfigurationList;
			buildConfigurations = (
				53E0E52328D05EB800EF06FF /* Debug */,
				53E0E52428D05EB800EF06FF /* Release */,
			);
			defaultConfigurationIsVisible = 0;
			defaultConfigurationName = Release;
		};
		53E0E52528D05EB800EF06FF /* Build configuration list for PBXNativeTarget "hackzurich" */ = {
			isa = XCConfigurationList;
			buildConfigurations = (
				53E0E52628D05EB800EF06FF /* Debug */,
				53E0E52728D05EB800EF06FF /* Release */,
			);
			defaultConfigurationIsVisible = 0;
			defaultConfigurationName = Release;
		};
/* End XCConfigurationList section */
	};
	rootObject = 53E0E50F28D05EB600EF06FF /* Project object */;
}
